{
  "name": "@mohamed-elrefai/tsconfig",
  "version": "1.0.0",
  "lockfileVersion": 2,
  "requires": true,
  "packages": {
    "": {
      "name": "@mohamed-elrefai/tsconfig",
      "version": "1.0.0",
      "license": "MIT",
      "dependencies": {
        "@tsconfig/node16-strictest": "^1.0.4"
      },
      "devDependencies": {
        "@tsconfig/node18": "^1.0.1"
      }
    },
    "node_modules/.pnpm/@tsconfig+node16-strictest@1.0.4/node_modules/@tsconfig/node16-strictest": {
      "version": "1.0.4",
      "license": "MIT"
    },
    "node_modules/@tsconfig/node16-strictest": {
      "resolved": "node_modules/.pnpm/@tsconfig+node16-strictest@1.0.4/node_modules/@tsconfig/node16-strictest",
      "link": true
    },
    "node_modules/@tsconfig/node18": {
      "version": "1.0.1",
      "resolved": "https://registry.npmjs.org/@tsconfig/node18/-/node18-1.0.1.tgz",
      "integrity": "sha512-sNFeK6X2ATlhlvzyH4kKYQlfHXE2f2/wxtB9ClvYXevWpmwkUT7VaSrjIN9E76Qebz8qP5JOJJ9jD3QoD/Z9TA==",
      "dev": true
    }
  },
  "dependencies": {
    "@tsconfig/node16-strictest": {
      "version": "file:node_modules/.pnpm/@tsconfig+node16-strictest@1.0.4/node_modules/@tsconfig/node16-strictest"
    },
    "@tsconfig/node18": {
      "version": "1.0.1",
      "resolved": "https://registry.npmjs.org/@tsconfig/node18/-/node18-1.0.1.tgz",
      "integrity": "sha512-sNFeK6X2ATlhlvzyH4kKYQlfHXE2f2/wxtB9ClvYXevWpmwkUT7VaSrjIN9E76Qebz8qP5JOJJ9jD3QoD/Z9TA==",
      "dev": true
    }
  }
}
